Microsoft Visual Studio Solution File, Format Version 12.00
# Visual Studio Version 16
VisualStudioVersion = 16.0.0.0
MinimumVisualStudioVersion = 16.0.0.0
Project("{9A19103F-16F7-4668-BE54-9A1E7A4F7556}") = "HospitalManagement", "HospitalManagement\HospitalManagement.csproj", "{66D93860-5DA5-4B04-8274-5DD5278CA550}"
EndProject
Project("{9A19103F-16F7-4668-BE54-9A1E7A4F7556}") = "HospitalManagement.Client", "HospitalManagement.Client\HospitalManagement.Client.csproj", "{27227C9C-936C-467C-BEC0-8C0113FDDD56}"
EndProject
Global
	GlobalSection(SolutionConfigurationPlatforms) = preSolution
		Debug|Any CPU = Debug|Any CPU
		Debug|x64 = Debug|x64
		Debug|x86 = Debug|x86
		Release|Any CPU = Release|Any CPU
		Release|x64 = Release|x64
		Release|x86 = Release|x86
	EndGlobalSection
	GlobalSection(ProjectConfigurationPlatforms) = postSolution
		{27227C9C-936C-467C-BEC0-8C0113FDDD56}.Debug|Any CPU.ActiveCfg = Debug|Any CPU
		{27227C9C-936C-467C-BEC0-8C0113FDDD56}.Debug|Any CPU.Build.0 = Debug|Any CPU
		{27227C9C-936C-467C-BEC0-8C0113FDDD56}.Debug|x64.ActiveCfg = Debug|Any CPU
		{27227C9C-936C-467C-BEC0-8C0113FDDD56}.Debug|x64.Build.0 = Debug|Any CPU
		{27227C9C-936C-467C-BEC0-8C0113FDDD56}.Debug|x86.ActiveCfg = Debug|Any CPU
		{27227C9C-936C-467C-BEC0-8C0113FDDD56}.Debug|x86.Build.0 = Debug|Any CPU
		{27227C9C-936C-467C-BEC0-8C0113FDDD56}.Release|Any CPU.ActiveCfg = Release|Any CPU
		{27227C9C-936C-467C-BEC0-8C0113FDDD56}.Release|Any CPU.Build.0 = Release|Any CPU
		{27227C9C-936C-467C-BEC0-8C0113FDDD56}.Release|x64.ActiveCfg = Release|Any CPU
		{27227C9C-936C-467C-BEC0-8C0113FDDD56}.Release|x64.Build.0 = Release|Any CPU
		{27227C9C-936C-467C-BEC0-8C0113FDDD56}.Release|x86.ActiveCfg = Release|Any CPU
		{27227C9C-936C-467C-BEC0-8C0113FDDD56}.Release|x86.Build.0 = Release|Any CPU
		{66D93860-5DA5-4B04-8274-5DD5278CA550}.Debug|Any CPU.ActiveCfg = Debug|Any CPU
		{66D93860-5DA5-4B04-8274-5DD5278CA550}.Debug|Any CPU.Build.0 = Debug|Any CPU
		{66D93860-5DA5-4B04-8274-5DD5278CA550}.Debug|x64.ActiveCfg = Debug|Any CPU
		{66D93860-5DA5-4B04-8274-5DD5278CA550}.Debug|x64.Build.0 = Debug|Any CPU
		{66D93860-5DA5-4B04-8274-5DD5278CA550}.Debug|x86.ActiveCfg = Debug|Any CPU
		{66D93860-5DA5-4B04-8274-5DD5278CA550}.Debug|x86.Build.0 = Debug|Any CPU
		{66D93860-5DA5-4B04-8274-5DD5278CA550}.Release|Any CPU.ActiveCfg = Release|Any CPU
		{66D93860-5DA5-4B04-8274-5DD5278CA550}.Release|Any CPU.Build.0 = Release|Any CPU
		{66D93860-5DA5-4B04-8274-5DD5278CA550}.Release|x64.ActiveCfg = Release|Any CPU
		{66D93860-5DA5-4B04-8274-5DD5278CA550}.Release|x64.Build.0 = Release|Any CPU
		{66D93860-5DA5-4B04-8274-5DD5278CA550}.Release|x86.ActiveCfg = Release|Any CPU
		{66D93860-5DA5-4B04-8274-5DD5278CA550}.Release|x86.Build.0 = Release|Any CPU
	EndGlobalSection
	GlobalSection(SolutionProperties) = preSolution
		HideSolutionNode = FALSE
	EndGlobalSection
	GlobalSection(ExtensibilityGlobals) = postSolution
		SolutionGuid = {DB66DB44-937E-4027-99C4-CB2405636A57}
	EndGlobalSection
EndGlobal
